
Microsoft Visual Studio Solution File, Format Version 12.00
# Visual Studio Version 17
VisualStudioVersion = 17.11.35303.130
MinimumVisualStudioVersion = 10.0.40219.1
Project("{FAE04EC0-301F-11D3-BF4B-00C04F79EFBC}") = "Todo.Api", "Todo.Api\Todo.Api.csproj", "{CF2D849C-98CD-4AE1-96ED-73B83958CA99}"
EndProject
Global
	GlobalSection(SolutionConfigurationPlatforms) = preSolution
		Debug|Any CPU = Debug|Any CPU
		Release|Any CPU = Release|Any CPU
	EndGlobalSection
	GlobalSection(ProjectConfigurationPlatforms) = postSolution
		{CF2D849C-98CD-4AE1-96ED-73B83958CA99}.Debug|Any CPU.ActiveCfg = Debug|Any CPU
		{CF2D849C-98CD-4AE1-96ED-73B83958CA99}.Debug|Any CPU.Build.0 = Debug|Any CPU
		{CF2D849C-98CD-4AE1-96ED-73B83958CA99}.Release|Any CPU.ActiveCfg = Release|Any CPU
		{CF2D849C-98CD-4AE1-96ED-73B83958CA99}.Release|Any CPU.Build.0 = Release|Any CPU
	EndGlobalSection
	GlobalSection(SolutionProperties) = preSolution
		HideSolutionNode = FALSE
	EndGlobalSection
	GlobalSection(ExtensibilityGlobals) = postSolution
		SolutionGuid = {A1E2D407-FDA8-48E3-9059-000E5D6E9BDE}
	EndGlobalSection
EndGlobal
